# Generated by tools/make_lock.py with hashes; do not edit by hand.
# PyTorch's CPU build for CI and CPU stations; install it first.
--index-url https://download.pytorch.org/whl/cpu
torch==2.14.1+cpu \
    --hash=sha256:100df7e44af5c973606cfef571a14b36b0acfd165d6bbc7aabe3edac95c9ccbd \
    --hash=sha256:192745b92c9ac392298e73de950cd02d8a7886117923073d890625622d343ede \
    --hash=sha256:24b279ee181df14dc353f3e3f0e3f088d88a38175989dadb5645c0194830d4de \
    --hash=sha256:2547c9f32f8fd9c8fced83119269d85519b123d4e8c87eba71660fe3a6996336 \
    --hash=sha256:2948f065d848178a0402791baf87493b7ebf067dae48a8e04c498d6668e94895 \
    --hash=sha256:2af649994b36dffc627175c3f306d9e513a309b58d4619ac7107577613336454 \
    --hash=sha256:2f8162c6b265eaf2b0bdd6bef20e96cece430f308e1477a32d0aef51e472124c \
    --hash=sha256:331fa474e26e428e2e6af1143b2fdab19cee492d7d21897b8899ce1c14755662 \
    --hash=sha256:35103e180214793207f95d7e12e100ecba3ace6f5fb37e1fcefbb07e096ed180 \
    --hash=sha256:36a03a3f87ec875ca39c8e29eccbaf0fc704605f78a3f7f179f157048c3c395e \
    --hash=sha256:4b323c71a5ac184485c87d694842157b1eb217c425ad69761dafd379d1590521 \
    --hash=sha256:4ce2a6ae7d302bba56ef7c5c92d9f752728896cfe2626a7f3e5293f879e36650 \
    --hash=sha256:4eec5a4fadd7a18f9c75b97fdb374fbb579ce4b1604bf66eeb14dc2201d54def \
    --hash=sha256:5a6363570c753812540a05eb82380e329469cbe668643e88111414c12627711f \
    --hash=sha256:5c0d1ef51127c9c65ec6394226b82ef1a5f3cd0ab8ffb10f48cc5c08aa72a5cf \
    --hash=sha256:5e38154c8896d426a5df58bf2276b603e82184dfae4f54d77dbb212f36e34f37 \
    --hash=sha256:6b06a7f6275c5fdecaf1dbf5546f0820b024a97785575bb99e3d9930d83cd86b \
    --hash=sha256:783a3dec10d272e40ed3f1a05ec228400300d3229b8f7521a9327645fae88646 \
    --hash=sha256:7d2c35e915793f3ae82e8ee4041a960140bcd0bd35f3ec6eb06e1f1f37a89dba \
    --hash=sha256:88634fad89f7b953acd011bad0d5c131d269aa71a7de6e0ef2344e3a2c95fabc \
    --hash=sha256:930d724490955b822c0b005499128279e54876a318b51fdb9b9da35e0230cc0f \
    --hash=sha256:94edee897fbd15a73f91aa38e22e2d2b7b60ac3acf6e8afc6b8dad89229c810c \
    --hash=sha256:a46884e8b38cbdf5af8d4fdd39223a5fa97491419c3417c93f9b3e28749fa356 \
    --hash=sha256:a7a580e3d92467516c9247a22bc805ae4f79c7b1b9a2052f92849f34e89720f5 \
    --hash=sha256:a93db7947d53caab62c2436205a60ddf9c3150c2e09eb9b24610c1c3f4cbaf99 \
    --hash=sha256:b869fe9358c90dd82d02db89aef89729df93a89a48b7c3e21a7719abf55586b3 \
    --hash=sha256:bda7043ec45539b1b61538af468e19854b72ac6be8d6fde2f51dfd0c91721568 \
    --hash=sha256:c52adc3bd526ff7fc5bdcc58fc4a76e6214d09951b646ffe5256ebd7ba60cef1 \
    --hash=sha256:cccd0a609fe3f83ab2ff651b627d5bd68c7fb33ee77a994b31c18b7c9a6f9a52 \
    --hash=sha256:d14b0c8a66345b7ba43adfa86fc20d89087a0a92e440004755d49d2468ddc6e0 \
    --hash=sha256:e799161f94d97485857ec82424e40a83d7648ab02c03e3d6e71c7838a4d7b89e \
    --hash=sha256:f56cd23a3bf003bfbed3da0645ba09b3ccc66c0a2f2ac726a9b98f34e0e4926f \
    --hash=sha256:f67ee1fe9c9f7c6ad3785d150bc3cecda442a5880a6d40816e13fee475d97dd8
